// !$*UTF8*$!
{
	archiveVersion = 1;
	classes = {
	};
	objectVersion = 48;
	objects = {

/* Begin PBXBuildFile section */
		0635E93139E4D05AD245BFB0 /* Pods_DrToDo.framework in Frameworks */ = {isa = PBXBuildFile; fileRef = 0A89C5C8BF710FF2C0972A60 /* Pods_DrToDo.framework */; };
		C4906CBE207A2EA5006F45E9 /* AppDelegate.swift in Sources */ = {isa = PBXBuildFile; fileRef = C4906CBD207A2EA5006F45E9 /* AppDelegate.swift */; };
		C4906CC0207A2EA5006F45E9 /* TodoListViewController.swift in Sources */ = {isa = PBXBuildFile; fileRef = C4906CBF207A2EA5006F45E9 /* TodoListViewController.swift */; };
		C4906CC3207A2EA5006F45E9 /* Main.storyboard in Resources */ = {isa = PBXBuildFile; fileRef = C4906CC1207A2EA5006F45E9 /* Main.storyboard */; };
		C4906CC5207A2EA5006F45E9 /* Assets.xcassets in Resources */ = {isa = PBXBuildFile; fileRef = C4906CC4207A2EA5006F45E9 /* Assets.xcassets */; };
		C4906CC8207A2EA5006F45E9 /* LaunchScreen.storyboard in Resources */ = {isa = PBXBuildFile; fileRef = C4906CC6207A2EA5006F45E9 /* LaunchScreen.storyboard */; };
		C4A2B83E207CE23B003D0A16 /* DataModel.xcdatamodeld in Sources */ = {isa = PBXBuildFile; fileRef = C4A2B83C207CE23B003D0A16 /* DataModel.xcdatamodeld */; };
		C4B3D2A4207D047600B2AB74 /* CategoryViewController.swift in Sources */ = {isa = PBXBuildFile; fileRef = C4B3D2A3207D047600B2AB74 /* CategoryViewController.swift */; };
/* End PBXBuildFile section */

/* Begin PBXFileReference section */
		0A89C5C8BF710FF2C0972A60 /* Pods_DrToDo.framework */ = {isa = PBXFileReference; explicitFileType = wrapper.framework; includeInIndex = 0; path = Pods_DrToDo.framework; sourceTree = BUILT_PRODUCTS_DIR; };
		6727A5D0256809C2C73ED18D /* Pods-DrToDo.debug.xcconfig */ = {isa = PBXFileReference; includeInIndex = 1; lastKnownFileType = text.xcconfig; name = "Pods-DrToDo.debug.xcconfig"; path = "Pods/Target Support Files/Pods-DrToDo/Pods-DrToDo.debug.xcconfig"; sourceTree = "<group>"; };
		B0A29F3001E2E8DE7FB15333 /* Pods-DrToDo.release.xcconfig */ = {isa = PBXFileReference; includeInIndex = 1; lastKnownFileType = text.xcconfig; name = "Pods-DrToDo.release.xcconfig"; path = "Pods/Target Support Files/Pods-DrToDo/Pods-DrToDo.release.xcconfig"; sourceTree = "<group>"; };
		C4906CBA207A2EA5006F45E9 /* DrToDo.app */ = {isa = PBXFileReference; explicitFileType = wrapper.application; includeInIndex = 0; path = DrToDo.app; sourceTree = BUILT_PRODUCTS_DIR; };
		C4906CBD207A2EA5006F45E9 /* AppDelegate.swift */ = {isa = PBXFileReference; lastKnownFileType = sourcecode.swift; path = AppDelegate.swift; sourceTree = "<group>"; };
		C4906CBF207A2EA5006F45E9 /* TodoListViewController.swift */ = {isa = PBXFileReference; lastKnownFileType = sourcecode.swift; path = TodoListViewController.swift; sourceTree = "<group>"; };
		C4906CC2207A2EA5006F45E9 /* Base */ = {isa = PBXFileReference; lastKnownFileType = file.storyboard; name = Base; path = Base.lproj/Main.storyboard; sourceTree = "<group>"; };
		C4906CC4207A2EA5006F45E9 /* Assets.xcassets */ = {isa = PBXFileReference; lastKnownFileType = folder.assetcatalog; path = Assets.xcassets; sourceTree = "<group>"; };
		C4906CC7207A2EA5006F45E9 /* Base */ = {isa = PBXFileReference; lastKnownFileType = file.storyboard; name = Base; path = Base.lproj/LaunchScreen.storyboard; sourceTree = "<group>"; };
		C4906CC9207A2EA5006F45E9 /* Info.plist */ = {isa = PBXFileReference; lastKnownFileType = text.plist.xml; path = Info.plist; sourceTree = "<group>"; };
		C4A2B83D207CE23B003D0A16 /* DataModel.xcdatamodel */ = {isa = PBXFileReference; lastKnownFileType = wrapper.xcdatamodel; path = DataModel.xcdatamodel; sourceTree = "<group>"; };
		C4B3D2A3207D047600B2AB74 /* CategoryViewController.swift */ = {isa = PBXFileReference; lastKnownFileType = sourcecode.swift; path = CategoryViewController.swift; sourceTree = "<group>"; };
/* End PBXFileReference section */

/* Begin PBXFrameworksBuildPhase section */
		C4906CB7207A2EA5006F45E9 /* Frameworks */ = {
			isa = PBXFrameworksBuildPhase;
			buildActionMask = 2147483647;
			files = (
				0635E93139E4D05AD245BFB0 /* Pods_DrToDo.framework in Frameworks */,
			);
			runOnlyForDeploymentPostprocessing = 0;
		};
/* End PBXFrameworksBuildPhase section */

/* Begin PBXGroup section */
		40F7E9E880807BA065D38C3E /* Pods */ = {
			isa = PBXGroup;
			children = (
				6727A5D0256809C2C73ED18D /* Pods-DrToDo.debug.xcconfig */,
				B0A29F3001E2E8DE7FB15333 /* Pods-DrToDo.release.xcconfig */,
			);
			name = Pods;
			sourceTree = "<group>";
		};
		450339863B663CBF24D107D2 /* Frameworks */ = {
			isa = PBXGroup;
			children = (
				0A89C5C8BF710FF2C0972A60 /* Pods_DrToDo.framework */,
			);
			name = Frameworks;
			sourceTree = "<group>";
		};
		C4906CB1207A2EA5006F45E9 = {
			isa = PBXGroup;
			children = (
				C4906CBC207A2EA5006F45E9 /* DrToDo */,
				C4906CBB207A2EA5006F45E9 /* Products */,
				40F7E9E880807BA065D38C3E /* Pods */,
				450339863B663CBF24D107D2 /* Frameworks */,
			);
			sourceTree = "<group>";
		};
		C4906CBB207A2EA5006F45E9 /* Products */ = {
			isa = PBXGroup;
			children = (
				C4906CBA207A2EA5006F45E9 /* DrToDo.app */,
			);
			name = Products;
			sourceTree = "<group>";
		};
		C4906CBC207A2EA5006F45E9 /* DrToDo */ = {
			isa = PBXGroup;
			children = (
				C4906CBD207A2EA5006F45E9 /* AppDelegate.swift */,
				C4E07CEB207A669100AE0ED1 /* Controllers */,
				C4E07CE9207A664E00AE0ED1 /* Data Model */,
				C4E07CEA207A667B00AE0ED1 /* Views */,
				C4E07CEC207A66A600AE0ED1 /* Supporting Files */,
				C4906CC9207A2EA5006F45E9 /* Info.plist */,
			);
			path = DrToDo;
			sourceTree = "<group>";
		};
		C4E07CE9207A664E00AE0ED1 /* Data Model */ = {
			isa = PBXGroup;
			children = (
				C4A2B83C207CE23B003D0A16 /* DataModel.xcdatamodeld */,
			);
			path = "Data Model";
			sourceTree = "<group>";
		};
		C4E07CEA207A667B00AE0ED1 /* Views */ = {
			isa = PBXGroup;
			children = (
				C4906CC1207A2EA5006F45E9 /* Main.storyboard */,
			);
			path = Views;
			sourceTree = "<group>";
		};
		C4E07CEB207A669100AE0ED1 /* Controllers */ = {
			isa = PBXGroup;
			children = (
				C4B3D2A3207D047600B2AB74 /* CategoryViewController.swift */,
				C4906CBF207A2EA5006F45E9 /* TodoListViewController.swift */,
			);
			path = Controllers;
			sourceTree = "<group>";
		};
		C4E07CEC207A66A600AE0ED1 /* Supporting Files */ = {
			isa = PBXGroup;
			children = (
				C4906CC4207A2EA5006F45E9 /* Assets.xcassets */,
				C4906CC6207A2EA5006F45E9 /* LaunchScreen.storyboard */,
			);
			path = "Supporting Files";
			sourceTree = "<group>";
		};
/* End PBXGroup section */

/* Begin PBXNativeTarget section */
		C4906CB9207A2EA5006F45E9 /* DrToDo */ = {
			isa = PBXNativeTarget;
			buildConfigurationList = C4906CCC207A2EA5006F45E9 /* Build configuration list for PBXNativeTarget "DrToDo" */;
			buildPhases = (
				9AE977438A3D72E1A757F5FF /* [CP] Check Pods Manifest.lock */,
				C4906CB6207A2EA5006F45E9 /* Sources */,
				C4906CB7207A2EA5006F45E9 /* Frameworks */,
				C4906CB8207A2EA5006F45E9 /* Resources */,
				669A571909A2A39521904FC6 /* [CP] Embed Pods Frameworks */,
				03058C88BCE95F16D8DEFD8E /* [CP] Copy Pods Resources */,
			);
			buildRules = (
			);
			dependencies = (
			);
			name = DrToDo;
			productName = DrToDo;
			productReference = C4906CBA207A2EA5006F45E9 /* DrToDo.app */;
			productType = "com.apple.product-type.application";
		};
/* End PBXNativeTarget section */

/* Begin PBXProject section */
		C4906CB2207A2EA5006F45E9 /* Project object */ = {
			isa = PBXProject;
			attributes = {
				LastSwiftUpdateCheck = 0910;
				LastUpgradeCheck = 0910;
				ORGANIZATIONNAME = "Dylan Southard";
				TargetAttributes = {
					C4906CB9207A2EA5006F45E9 = {
						CreatedOnToolsVersion = 9.1;
						ProvisioningStyle = Automatic;
					};
				};
			};
			buildConfigurationList = C4906CB5207A2EA5006F45E9 /* Build configuration list for PBXProject "DrToDo" */;
			compatibilityVersion = "Xcode 8.0";
			developmentRegion = en;
			hasScannedForEncodings = 0;
			knownRegions = (
				en,
				Base,
			);
			mainGroup = C4906CB1207A2EA5006F45E9;
			productRefGroup = C4906CBB207A2EA5006F45E9 /* Products */;
			projectDirPath = "";
			projectRoot = "";
			targets = (
				C4906CB9207A2EA5006F45E9 /* DrToDo */,
			);
		};
/* End PBXProject section */

/* Begin PBXResourcesBuildPhase section */
		C4906CB8207A2EA5006F45E9 /* Resources */ = {
			isa = PBXResourcesBuildPhase;
			buildActionMask = 2147483647;
			files = (
				C4906CC8207A2EA5006F45E9 /* LaunchScreen.storyboard in Resources */,
				C4906CC5207A2EA5006F45E9 /* Assets.xcassets in Resources */,
				C4906CC3207A2EA5006F45E9 /* Main.storyboard in Resources */,
			);
			runOnlyForDeploymentPostprocessing = 0;
		};
/* End PBXResourcesBuildPhase section */

/* Begin PBXShellScriptBuildPhase section */
		03058C88BCE95F16D8DEFD8E /* [CP] Copy Pods Resources */ = {
			isa = PBXShellScriptBuildPhase;
			buildActionMask = 2147483647;
			files = (
			);
			inputPaths = (
			);
			name = "[CP] Copy Pods Resources";
			outputPaths = (
			);
			runOnlyForDeploymentPostprocessing = 0;
			shellPath = /bin/sh;
			shellScript = "\"${SRCROOT}/Pods/Target Support Files/Pods-DrToDo/Pods-DrToDo-resources.sh\"\n";
			showEnvVarsInLog = 0;
		};
		669A571909A2A39521904FC6 /* [CP] Embed Pods Frameworks */ = {
			isa = PBXShellScriptBuildPhase;
			buildActionMask = 2147483647;
			files = (
			);
			inputPaths = (
				"${SRCROOT}/Pods/Target Support Files/Pods-DrToDo/Pods-DrToDo-frameworks.sh",
				"${BUILT_PRODUCTS_DIR}/Realm/Realm.framework",
				"${BUILT_PRODUCTS_DIR}/RealmSwift/RealmSwift.framework",
			);
			name = "[CP] Embed Pods Frameworks";
			outputPaths = (
				"${TARGET_BUILD_DIR}/${FRAMEWORKS_FOLDER_PATH}/Realm.framework",
				"${TARGET_BUILD_DIR}/${FRAMEWORKS_FOLDER_PATH}/RealmSwift.framework",
			);
			runOnlyForDeploymentPostprocessing = 0;
			shellPath = /bin/sh;
			shellScript = "\"${SRCROOT}/Pods/Target Support Files/Pods-DrToDo/Pods-DrToDo-frameworks.sh\"\n";
			showEnvVarsInLog = 0;
		};
		9AE977438A3D72E1A757F5FF /* [CP] Check Pods Manifest.lock */ = {
			isa = PBXShellScriptBuildPhase;
			buildActionMask = 2147483647;
			files = (
			);
			inputPaths = (
				"${PODS_PODFILE_DIR_PATH}/Podfile.lock",
				"${PODS_ROOT}/Manifest.lock",
			);
			name = "[CP] Check Pods Manifest.lock";
			outputPaths = (
				"$(DERIVED_FILE_DIR)/Pods-DrToDo-checkManifestLockResult.txt",
			);
			runOnlyForDeploymentPostprocessing = 0;
			shellPath = /bin/sh;
			shellScript = "diff \"${PODS_PODFILE_DIR_PATH}/Podfile.lock\" \"${PODS_ROOT}/Manifest.lock\" > /dev/null\nif [ $? != 0 ] ; then\n    # print error to STDERR\n    echo \"error: The sandbox is not in sync with the Podfile.lock. Run 'pod install' or update your CocoaPods installation.\" >&2\n    exit 1\nfi\n# This output is used by Xcode 'outputs' to avoid re-running this script phase.\necho \"SUCCESS\" > \"${SCRIPT_OUTPUT_FILE_0}\"\n";
			showEnvVarsInLog = 0;
		};
/* End PBXShellScriptBuildPhase section */

/* Begin PBXSourcesBuildPhase section */
		C4906CB6207A2EA5006F45E9 /* Sources */ = {
			isa = PBXSourcesBuildPhase;
			buildActionMask = 2147483647;
			files = (
				C4B3D2A4207D047600B2AB74 /* CategoryViewController.swift in Sources */,
				C4906CC0207A2EA5006F45E9 /* TodoListViewController.swift in Sources */,
				C4A2B83E207CE23B003D0A16 /* DataModel.xcdatamodeld in Sources */,
				C4906CBE207A2EA5006F45E9 /* AppDelegate.swift in Sources */,
			);
			runOnlyForDeploymentPostprocessing = 0;
		};
/* End PBXSourcesBuildPhase section */

/* Begin PBXVariantGroup section */
		C4906CC1207A2EA5006F45E9 /* Main.storyboard */ = {
			isa = PBXVariantGroup;
			children = (
				C4906CC2207A2EA5006F45E9 /* Base */,
			);
			name = Main.storyboard;
			sourceTree = "<group>";
		};
		C4906CC6207A2EA5006F45E9 /* LaunchScreen.storyboard */ = {
			isa = PBXVariantGroup;
			children = (
				C4906CC7207A2EA5006F45E9 /* Base */,
			);
			name = LaunchScreen.storyboard;
			sourceTree = "<group>";
		};
/* End PBXVariantGroup section */

/* Begin XCBuildConfiguration section */
		C4906CCA207A2EA5006F45E9 /* Debug */ = {
			isa = XCBuildConfiguration;
			buildSettings = {
				ALWAYS_SEARCH_USER_PATHS = NO;
				CLANG_ANALYZER_NONNULL = YES;
				CLANG_ANALYZER_NUMBER_OBJECT_CONVERSION = YES_AGGRESSIVE;
				CLANG_CXX_LANGUAGE_STANDARD = "gnu++14";
				CLANG_CXX_LIBRARY = "libc++";
				CLANG_ENABLE_MODULES = YES;
				CLANG_ENABLE_OBJC_ARC = YES;
				CLANG_WARN_BLOCK_CAPTURE_AUTORELEASING = YES;
				CLANG_WARN_BOOL_CONVERSION = YES;
				CLANG_WARN_COMMA = YES;
				CLANG_WARN_CONSTANT_CONVERSION = YES;
				CLANG_WARN_DIRECT_OBJC_ISA_USAGE = YES_ERROR;
				CLANG_WARN_DOCUMENTATION_COMMENTS = YES;
				CLANG_WARN_EMPTY_BODY = YES;
				CLANG_WARN_ENUM_CONVERSION = YES;
				CLANG_WARN_INFINITE_RECURSION = YES;
				CLANG_WARN_INT_CONVERSION = YES;
				CLANG_WARN_NON_LITERAL_NULL_CONVERSION = YES;
				CLANG_WARN_OBJC_LITERAL_CONVERSION = YES;
				CLANG_WARN_OBJC_ROOT_CLASS = YES_ERROR;
				CLANG_WARN_RANGE_LOOP_ANALYSIS = YES;
				CLANG_WARN_STRICT_PROTOTYPES = YES;
				CLANG_WARN_SUSPICIOUS_MOVE = YES;
				CLANG_WARN_UNGUARDED_AVAILABILITY = YES_AGGRESSIVE;
				CLANG_WARN_UNREACHABLE_CODE = YES;
				CLANG_WARN__DUPLICATE_METHOD_MATCH = YES;
				CODE_SIGN_IDENTITY = "iPhone Developer";
				COPY_PHASE_STRIP = NO;
				DEBUG_INFORMATION_FORMAT = dwarf;
				ENABLE_STRICT_OBJC_MSGSEND = YES;
				ENABLE_TESTABILITY = YES;
				GCC_C_LANGUAGE_STANDARD = gnu11;
				GCC_DYNAMIC_NO_PIC = NO;
				GCC_NO_COMMON_BLOCKS = YES;
				GCC_OPTIMIZATION_LEVEL = 0;
				GCC_PREPROCESSOR_DEFINITIONS = (
					"DEBUG=1",
					"$(inherited)",
				);
				GCC_WARN_64_TO_32_BIT_CONVERSION = YES;
				GCC_WARN_ABOUT_RETURN_TYPE = YES_ERROR;
				GCC_WARN_UNDECLARED_SELECTOR = YES;
				GCC_WARN_UNINITIALIZED_AUTOS = YES_AGGRESSIVE;
				GCC_WARN_UNUSED_FUNCTION = YES;
				GCC_WARN_UNUSED_VARIABLE = YES;
				IPHONEOS_DEPLOYMENT_TARGET = 11.1;
				MTL_ENABLE_DEBUG_INFO = YES;
				ONLY_ACTIVE_ARCH = YES;
				SDKROOT = iphoneos;
				SWIFT_ACTIVE_COMPILATION_CONDITIONS = DEBUG;
				SWIFT_OPTIMIZATION_LEVEL = "-Onone";
			};
			name = Debug;
		};
		C4906CCB207A2EA5006F45E9 /* Release */ = {
			isa = XCBuildConfiguration;
			buildSettings = {
				ALWAYS_SEARCH_USER_PATHS = NO;
				CLANG_ANALYZER_NONNULL = YES;
				CLANG_ANALYZER_NUMBER_OBJECT_CONVERSION = YES_AGGRESSIVE;
				CLANG_CXX_LANGUAGE_STANDARD = "gnu++14";
				CLANG_CXX_LIBRARY = "libc++";
				CLANG_ENABLE_MODULES = YES;
				CLANG_ENABLE_OBJC_ARC = YES;
				CLANG_WARN_BLOCK_CAPTURE_AUTORELEASING = YES;
				CLANG_WARN_BOOL_CONVERSION = YES;
				CLANG_WARN_COMMA = YES;
				CLANG_WARN_CONSTANT_CONVERSION = YES;
				CLANG_WARN_DIRECT_OBJC_ISA_USAGE = YES_ERROR;
				CLANG_WARN_DOCUMENTATION_COMMENTS = YES;
				CLANG_WARN_EMPTY_BODY = YES;
				CLANG_WARN_ENUM_CONVERSION = YES;
				CLANG_WARN_INFINITE_RECURSION = YES;
				CLANG_WARN_INT_CONVERSION = YES;
				CLANG_WARN_NON_LITERAL_NULL_CONVERSION = YES;
				CLANG_WARN_OBJC_LITERAL_CONVERSION = YES;
				CLANG_WARN_OBJC_ROOT_CLASS = YES_ERROR;
				CLANG_WARN_RANGE_LOOP_ANALYSIS = YES;
				CLANG_WARN_STRICT_PROTOTYPES = YES;
				CLANG_WARN_SUSPICIOUS_MOVE = YES;
				CLANG_WARN_UNGUARDED_AVAILABILITY = YES_AGGRESSIVE;
				CLANG_WARN_UNREACHABLE_CODE = YES;
				CLANG_WARN__DUPLICATE_METHOD_MATCH = YES;
				CODE_SIGN_IDENTITY = "iPhone Developer";
				COPY_PHASE_STRIP = NO;
				DEBUG_INFORMATION_FORMAT = "dwarf-with-dsym";
				ENABLE_NS_ASSERTIONS = NO;
				ENABLE_STRICT_OBJC_MSGSEND = YES;
				GCC_C_LANGUAGE_STANDARD = gnu11;
				GCC_NO_COMMON_BLOCKS = YES;
				GCC_WARN_64_TO_32_BIT_CONVERSION = YES;
				GCC_WARN_ABOUT_RETURN_TYPE = YES_ERROR;
				GCC_WARN_UNDECLARED_SELECTOR = YES;
				GCC_WARN_UNINITIALIZED_AUTOS = YES_AGGRESSIVE;
				GCC_WARN_UNUSED_FUNCTION = YES;
				GCC_WARN_UNUSED_VARIABLE = YES;
				IPHONEOS_DEPLOYMENT_TARGET = 11.1;
				MTL_ENABLE_DEBUG_INFO = NO;
				SDKROOT = iphoneos;
				SWIFT_OPTIMIZATION_LEVEL = "-Owholemodule";
				VALIDATE_PRODUCT = YES;
			};
			name = Release;
		};
		C4906CCD207A2EA5006F45E9 /* Debug */ = {
			isa = XCBuildConfiguration;
			baseConfigurationReference = 6727A5D0256809C2C73ED18D /* Pods-DrToDo.debug.xcconfig */;
			buildSettings = {
				ASSETCATALOG_COMPILER_APPICON_NAME = AppIcon;
				CODE_SIGN_STYLE = Automatic;
				DEVELOPMENT_TEAM = UQ3BB547F3;
				INFOPLIST_FILE = DrToDo/Info.plist;
				LD_RUNPATH_SEARCH_PATHS = "$(inherited) @executable_path/Frameworks";
				PRODUCT_BUNDLE_IDENTIFIER = com.ihounokyaku.com.DrToDo;
				PRODUCT_NAME = "$(TARGET_NAME)";
				SWIFT_VERSION = 4.0;
				TARGETED_DEVICE_FAMILY = "1,2";
			};
			name = Debug;
		};
		C4906CCE207A2EA5006F45E9 /* Release */ = {
			isa = XCBuildConfiguration;
			baseConfigurationReference = B0A29F3001E2E8DE7FB15333 /* Pods-DrToDo.release.xcconfig */;
			buildSettings = {
				ASSETCATALOG_COMPILER_APPICON_NAME = AppIcon;
				CODE_SIGN_STYLE = Automatic;
				DEVELOPMENT_TEAM = UQ3BB547F3;
				INFOPLIST_FILE = DrToDo/Info.plist;
				LD_RUNPATH_SEARCH_PATHS = "$(inherited) @executable_path/Frameworks";
				PRODUCT_BUNDLE_IDENTIFIER = com.ihounokyaku.com.DrToDo;
				PRODUCT_NAME = "$(TARGET_NAME)";
				SWIFT_VERSION = 4.0;
				TARGETED_DEVICE_FAMILY = "1,2";
			};
			name = Release;
		};
/* End XCBuildConfiguration section */

/* Begin XCConfigurationList section */
		C4906CB5207A2EA5006F45E9 /* Build configuration list for PBXProject "DrToDo" */ = {
			isa = XCConfigurationList;
			buildConfigurations = (
				C4906CCA207A2EA5006F45E9 /* Debug */,
				C4906CCB207A2EA5006F45E9 /* Release */,
			);
			defaultConfigurationIsVisible = 0;
			defaultConfigurationName = Release;
		};
		C4906CCC207A2EA5006F45E9 /* Build configuration list for PBXNativeTarget "DrToDo" */ = {
			isa = XCConfigurationList;
			buildConfigurations = (
				C4906CCD207A2EA5006F45E9 /* Debug */,
				C4906CCE207A2EA5006F45E9 /* Release */,
			);
			defaultConfigurationIsVisible = 0;
			defaultConfigurationName = Release;
		};
/* End XCConfigurationList section */

/* Begin XCVersionGroup section */
		C4A2B83C207CE23B003D0A16 /* DataModel.xcdatamodeld */ = {
			isa = XCVersionGroup;
			children = (
				C4A2B83D207CE23B003D0A16 /* DataModel.xcdatamodel */,
			);
			currentVersion = C4A2B83D207CE23B003D0A16 /* DataModel.xcdatamodel */;
			path = DataModel.xcdatamodeld;
			sourceTree = "<group>";
			versionGroupType = wrapper.xcdatamodel;
		};
/* End XCVersionGroup section */
	};
	rootObject = C4906CB2207A2EA5006F45E9 /* Project object */;
}
